
Microsoft Visual Studio Solution File, Format Version 12.00
# Visual Studio Version 17
VisualStudioVersion = 17.9.34728.123
MinimumVisualStudioVersion = 10.0.40219.1
Project("{9A19103F-16F7-4668-BE54-9A1E7A4F7556}") = "TresCamadas.Data", "src\TresCamadas.Data\TresCamadas.Data.csproj", "{F431EE2D-7A6B-4417-9969-3DEDE09D1004}"
EndProject
Project("{9A19103F-16F7-4668-BE54-9A1E7A4F7556}") = "TresCamadas.Business", "src\TresCamadas.Business\TresCamadas.Business.csproj", "{34D43A0B-6FC2-417E-B1AB-414C958F9AB3}"
EndProject
Project("{FAE04EC0-301F-11D3-BF4B-00C04F79EFBC}") = "TresCamadas.Api", "src\TresCamadas.Api\TresCamadas.Api.csproj", "{2C01F488-AB8F-409A-9E59-0B7A9EFB5B5E}"
EndProject
Global
	GlobalSection(SolutionConfigurationPlatforms) = preSolution
		Debug|Any CPU = Debug|Any CPU
		Release|Any CPU = Release|Any CPU
	EndGlobalSection
	GlobalSection(ProjectConfigurationPlatforms) = postSolution
		{F431EE2D-7A6B-4417-9969-3DEDE09D1004}.Debug|Any CPU.ActiveCfg = Debug|Any CPU
		{F431EE2D-7A6B-4417-9969-3DEDE09D1004}.Debug|Any CPU.Build.0 = Debug|Any CPU
		{F431EE2D-7A6B-4417-9969-3DEDE09D1004}.Release|Any CPU.ActiveCfg = Release|Any CPU
		{F431EE2D-7A6B-4417-9969-3DEDE09D1004}.Release|Any CPU.Build.0 = Release|Any CPU
		{34D43A0B-6FC2-417E-B1AB-414C958F9AB3}.Debug|Any CPU.ActiveCfg = Debug|Any CPU
		{34D43A0B-6FC2-417E-B1AB-414C958F9AB3}.Debug|Any CPU.Build.0 = Debug|Any CPU
		{34D43A0B-6FC2-417E-B1AB-414C958F9AB3}.Release|Any CPU.ActiveCfg = Release|Any CPU
		{34D43A0B-6FC2-417E-B1AB-414C958F9AB3}.Release|Any CPU.Build.0 = Release|Any CPU
		{2C01F488-AB8F-409A-9E59-0B7A9EFB5B5E}.Debug|Any CPU.ActiveCfg = Debug|Any CPU
		{2C01F488-AB8F-409A-9E59-0B7A9EFB5B5E}.Debug|Any CPU.Build.0 = Debug|Any CPU
		{2C01F488-AB8F-409A-9E59-0B7A9EFB5B5E}.Release|Any CPU.ActiveCfg = Release|Any CPU
		{2C01F488-AB8F-409A-9E59-0B7A9EFB5B5E}.Release|Any CPU.Build.0 = Release|Any CPU
	EndGlobalSection
	GlobalSection(SolutionProperties) = preSolution
		HideSolutionNode = FALSE
	EndGlobalSection
	GlobalSection(ExtensibilityGlobals) = postSolution
		SolutionGuid = {E79718C0-26A3-45C2-847A-7AA3981CE3AB}
	EndGlobalSection
EndGlobal
